
Microsoft Visual Studio Solution File, Format Version 12.00
# Visual Studio Version 17
VisualStudioVersion = 17.12.35527.113
MinimumVisualStudioVersion = 10.0.40219.1
Project("{2150E333-8FDC-42A3-9474-1A3956D46DE8}") = "src", "src", "{B18D4A6F-2215-4E77-882E-CFEDB4FE5CEA}"
EndProject
Project("{2150E333-8FDC-42A3-9474-1A3956D46DE8}") = "tests", "tests", "{96D6A550-EC28-4188-9080-254381192DE9}"
EndProject
Project("{FAE04EC0-301F-11D3-BF4B-00C04F79EFBC}") = "Api", "src\Api\Api.csproj", "{EF5F28EE-B16B-4F0E-8714-AFD5F3BCE59B}"
EndProject
Project("{FAE04EC0-301F-11D3-BF4B-00C04F79EFBC}") = "Application", "src\Application\Application.csproj", "{CE368139-B7A7-4EDA-932F-7E5BDDCB92DB}"
EndProject
Project("{FAE04EC0-301F-11D3-BF4B-00C04F79EFBC}") = "Core", "src\Core\Core.csproj", "{4D211B7A-66E3-42E4-9D18-4B4D6AF26665}"
EndProject
Project("{FAE04EC0-301F-11D3-BF4B-00C04F79EFBC}") = "Infrastructure", "src\Infrastructure\Infrastructure.csproj", "{57647174-8C8C-4E87-AC95-5EC545BC63E1}"
EndProject
Project("{FAE04EC0-301F-11D3-BF4B-00C04F79EFBC}") = "Integration", "tests\Integration\Integration.csproj", "{AC127420-0F6A-43EC-992E-88BF60D344A8}"
EndProject
Project("{FAE04EC0-301F-11D3-BF4B-00C04F79EFBC}") = "Unit", "tests\Unit\Unit.csproj", "{553A0142-BDB0-41B0-B764-3B36586DAB6B}"
EndProject
Project("{2150E333-8FDC-42A3-9474-1A3956D46DE8}") = "shared", "shared", "{3A2061D1-DD74-4D72-9435-47722B15D4CD}"
EndProject
Project("{FAE04EC0-301F-11D3-BF4B-00C04F79EFBC}") = "Abstractions", "src\Shared\Abstractions\Abstractions.csproj", "{3FE7B2AC-480F-40A3-8CF1-88C7EEAA90E7}"
EndProject
Project("{FAE04EC0-301F-11D3-BF4B-00C04F79EFBC}") = "Shared.Infrastructure", "src\Shared\Shared.Infrastructure\Shared.Infrastructure.csproj", "{0A281EF5-C066-4E64-B3D7-D116B1004CEF}"
EndProject
Global
	GlobalSection(SolutionConfigurationPlatforms) = preSolution
		Debug|Any CPU = Debug|Any CPU
		Release|Any CPU = Release|Any CPU
	EndGlobalSection
	GlobalSection(ProjectConfigurationPlatforms) = postSolution
		{EF5F28EE-B16B-4F0E-8714-AFD5F3BCE59B}.Debug|Any CPU.ActiveCfg = Debug|Any CPU
		{EF5F28EE-B16B-4F0E-8714-AFD5F3BCE59B}.Debug|Any CPU.Build.0 = Debug|Any CPU
		{EF5F28EE-B16B-4F0E-8714-AFD5F3BCE59B}.Release|Any CPU.ActiveCfg = Release|Any CPU
		{EF5F28EE-B16B-4F0E-8714-AFD5F3BCE59B}.Release|Any CPU.Build.0 = Release|Any CPU
		{CE368139-B7A7-4EDA-932F-7E5BDDCB92DB}.Debug|Any CPU.ActiveCfg = Debug|Any CPU
		{CE368139-B7A7-4EDA-932F-7E5BDDCB92DB}.Debug|Any CPU.Build.0 = Debug|Any CPU
		{CE368139-B7A7-4EDA-932F-7E5BDDCB92DB}.Release|Any CPU.ActiveCfg = Release|Any CPU
		{CE368139-B7A7-4EDA-932F-7E5BDDCB92DB}.Release|Any CPU.Build.0 = Release|Any CPU
		{4D211B7A-66E3-42E4-9D18-4B4D6AF26665}.Debug|Any CPU.ActiveCfg = Debug|Any CPU
		{4D211B7A-66E3-42E4-9D18-4B4D6AF26665}.Debug|Any CPU.Build.0 = Debug|Any CPU
		{4D211B7A-66E3-42E4-9D18-4B4D6AF26665}.Release|Any CPU.ActiveCfg = Release|Any CPU
		{4D211B7A-66E3-42E4-9D18-4B4D6AF26665}.Release|Any CPU.Build.0 = Release|Any CPU
		{57647174-8C8C-4E87-AC95-5EC545BC63E1}.Debug|Any CPU.ActiveCfg = Debug|Any CPU
		{57647174-8C8C-4E87-AC95-5EC545BC63E1}.Debug|Any CPU.Build.0 = Debug|Any CPU
		{57647174-8C8C-4E87-AC95-5EC545BC63E1}.Release|Any CPU.ActiveCfg = Release|Any CPU
		{57647174-8C8C-4E87-AC95-5EC545BC63E1}.Release|Any CPU.Build.0 = Release|Any CPU
		{AC127420-0F6A-43EC-992E-88BF60D344A8}.Debug|Any CPU.ActiveCfg = Debug|Any CPU
		{AC127420-0F6A-43EC-992E-88BF60D344A8}.Debug|Any CPU.Build.0 = Debug|Any CPU
		{AC127420-0F6A-43EC-992E-88BF60D344A8}.Release|Any CPU.ActiveCfg = Release|Any CPU
		{AC127420-0F6A-43EC-992E-88BF60D344A8}.Release|Any CPU.Build.0 = Release|Any CPU
		{553A0142-BDB0-41B0-B764-3B36586DAB6B}.Debug|Any CPU.ActiveCfg = Debug|Any CPU
		{553A0142-BDB0-41B0-B764-3B36586DAB6B}.Debug|Any CPU.Build.0 = Debug|Any CPU
		{553A0142-BDB0-41B0-B764-3B36586DAB6B}.Release|Any CPU.ActiveCfg = Release|Any CPU
		{553A0142-BDB0-41B0-B764-3B36586DAB6B}.Release|Any CPU.Build.0 = Release|Any CPU
		{3FE7B2AC-480F-40A3-8CF1-88C7EEAA90E7}.Debug|Any CPU.ActiveCfg = Debug|Any CPU
		{3FE7B2AC-480F-40A3-8CF1-88C7EEAA90E7}.Debug|Any CPU.Build.0 = Debug|Any CPU
		{3FE7B2AC-480F-40A3-8CF1-88C7EEAA90E7}.Release|Any CPU.ActiveCfg = Release|Any CPU
		{3FE7B2AC-480F-40A3-8CF1-88C7EEAA90E7}.Release|Any CPU.Build.0 = Release|Any CPU
		{0A281EF5-C066-4E64-B3D7-D116B1004CEF}.Debug|Any CPU.ActiveCfg = Debug|Any CPU
		{0A281EF5-C066-4E64-B3D7-D116B1004CEF}.Debug|Any CPU.Build.0 = Debug|Any CPU
		{0A281EF5-C066-4E64-B3D7-D116B1004CEF}.Release|Any CPU.ActiveCfg = Release|Any CPU
		{0A281EF5-C066-4E64-B3D7-D116B1004CEF}.Release|Any CPU.Build.0 = Release|Any CPU
	EndGlobalSection
	GlobalSection(SolutionProperties) = preSolution
		HideSolutionNode = FALSE
	EndGlobalSection
	GlobalSection(NestedProjects) = preSolution
		{EF5F28EE-B16B-4F0E-8714-AFD5F3BCE59B} = {B18D4A6F-2215-4E77-882E-CFEDB4FE5CEA}
		{CE368139-B7A7-4EDA-932F-7E5BDDCB92DB} = {B18D4A6F-2215-4E77-882E-CFEDB4FE5CEA}
		{4D211B7A-66E3-42E4-9D18-4B4D6AF26665} = {B18D4A6F-2215-4E77-882E-CFEDB4FE5CEA}
		{57647174-8C8C-4E87-AC95-5EC545BC63E1} = {B18D4A6F-2215-4E77-882E-CFEDB4FE5CEA}
		{AC127420-0F6A-43EC-992E-88BF60D344A8} = {96D6A550-EC28-4188-9080-254381192DE9}
		{553A0142-BDB0-41B0-B764-3B36586DAB6B} = {96D6A550-EC28-4188-9080-254381192DE9}
		{3A2061D1-DD74-4D72-9435-47722B15D4CD} = {B18D4A6F-2215-4E77-882E-CFEDB4FE5CEA}
		{3FE7B2AC-480F-40A3-8CF1-88C7EEAA90E7} = {3A2061D1-DD74-4D72-9435-47722B15D4CD}
		{0A281EF5-C066-4E64-B3D7-D116B1004CEF} = {3A2061D1-DD74-4D72-9435-47722B15D4CD}
	EndGlobalSection
EndGlobal
